
Microsoft Visual Studio Solution File, Format Version 12.00
# 17
VisualStudioVersion = 17.0.31903.59
MinimumVisualStudioVersion = 10.0.40219.1
Project("{2150E333-8FDC-42A3-9474-1A3956D46DE8}") = "Solution Items", "Solution Items", "{3197D5E7-4B03-477E-A687-34B7FD22CA76}"
	ProjectSection(SolutionItems) = preProject
		.editorconfig = .editorconfig
		.gitignore = .gitignore
		Directory.Build.props = Directory.Build.props
		Directory.Build.targets = Directory.Build.targets
		Directory.Packages.props = Directory.Packages.props
		LICENSE.txt = LICENSE.txt
		Readme.md = Readme.md
		ReadmeDev.md = ReadmeDev.md
	EndProjectSection
EndProject
Project("{9A19103F-16F7-4668-BE54-9A1E7A4F7556}") = "VRT.Payments.Gateways.Abstractions", "src\VRT.Payments.Gateways.Abstractions\VRT.Payments.Gateways.Abstractions.csproj", "{526FCCC2-183C-49CB-9CF7-E6C400F8964C}"
EndProject
Project("{2150E333-8FDC-42A3-9474-1A3956D46DE8}") = "src", "src", "{93C47EB8-6F4D-4347-B455-53E5BB02BB02}"
	ProjectSection(SolutionItems) = preProject
		src\Directory.Build.props = src\Directory.Build.props
	EndProjectSection
EndProject
Project("{9A19103F-16F7-4668-BE54-9A1E7A4F7556}") = "VRT.Payments.Gateways.PayU", "src\VRT.Payments.Gateways.PayU\VRT.Payments.Gateways.PayU.csproj", "{DBF4C9B5-7013-4C09-9D03-E57C88D14364}"
EndProject
Project("{2150E333-8FDC-42A3-9474-1A3956D46DE8}") = "test", "test", "{829D5612-09C8-4DC7-ABDA-343AF5E11557}"
	ProjectSection(SolutionItems) = preProject
		test\Directory.Build.props = test\Directory.Build.props
	EndProjectSection
EndProject
Project("{2150E333-8FDC-42A3-9474-1A3956D46DE8}") = "samples", "samples", "{21B0D8E1-9C47-4CB4-9276-333B3A8F094A}"
EndProject
Project("{9A19103F-16F7-4668-BE54-9A1E7A4F7556}") = "Examples.BlazorServer", "samples\Examples.BlazorServer\Examples.BlazorServer.csproj", "{A746A72B-2B52-419A-AB83-28EC9F196A04}"
EndProject
Global
	GlobalSection(SolutionConfigurationPlatforms) = preSolution
		Debug|Any CPU = Debug|Any CPU
		Release|Any CPU = Release|Any CPU
	EndGlobalSection
	GlobalSection(ProjectConfigurationPlatforms) = postSolution
		{526FCCC2-183C-49CB-9CF7-E6C400F8964C}.Debug|Any CPU.ActiveCfg = Debug|Any CPU
		{526FCCC2-183C-49CB-9CF7-E6C400F8964C}.Debug|Any CPU.Build.0 = Debug|Any CPU
		{526FCCC2-183C-49CB-9CF7-E6C400F8964C}.Release|Any CPU.ActiveCfg = Release|Any CPU
		{526FCCC2-183C-49CB-9CF7-E6C400F8964C}.Release|Any CPU.Build.0 = Release|Any CPU
		{DBF4C9B5-7013-4C09-9D03-E57C88D14364}.Debug|Any CPU.ActiveCfg = Debug|Any CPU
		{DBF4C9B5-7013-4C09-9D03-E57C88D14364}.Debug|Any CPU.Build.0 = Debug|Any CPU
		{DBF4C9B5-7013-4C09-9D03-E57C88D14364}.Release|Any CPU.ActiveCfg = Release|Any CPU
		{DBF4C9B5-7013-4C09-9D03-E57C88D14364}.Release|Any CPU.Build.0 = Release|Any CPU
		{A746A72B-2B52-419A-AB83-28EC9F196A04}.Debug|Any CPU.ActiveCfg = Debug|Any CPU
		{A746A72B-2B52-419A-AB83-28EC9F196A04}.Debug|Any CPU.Build.0 = Debug|Any CPU
		{A746A72B-2B52-419A-AB83-28EC9F196A04}.Release|Any CPU.ActiveCfg = Release|Any CPU
		{A746A72B-2B52-419A-AB83-28EC9F196A04}.Release|Any CPU.Build.0 = Release|Any CPU
	EndGlobalSection
	GlobalSection(SolutionProperties) = preSolution
		HideSolutionNode = FALSE
	EndGlobalSection
	GlobalSection(NestedProjects) = preSolution
		{526FCCC2-183C-49CB-9CF7-E6C400F8964C} = {93C47EB8-6F4D-4347-B455-53E5BB02BB02}
		{DBF4C9B5-7013-4C09-9D03-E57C88D14364} = {93C47EB8-6F4D-4347-B455-53E5BB02BB02}
		{A746A72B-2B52-419A-AB83-28EC9F196A04} = {21B0D8E1-9C47-4CB4-9276-333B3A8F094A}
	EndGlobalSection
	GlobalSection(ExtensibilityGlobals) = postSolution
		SolutionGuid = {6BD1CAE6-57B8-4293-958B-FBAE6C298E1D}
	EndGlobalSection
EndGlobal
